// !$*UTF8*$!
{
	archiveVersion = 1;
	classes = {
	};
	objectVersion = 50;
	objects = {

/* Begin PBXBuildFile section */
		CE97FA9A2550D274007BAE6E /* HeaderCollection.swift in Sources */ = {isa = PBXBuildFile; fileRef = CE97FA992550D274007BAE6E /* HeaderCollection.swift */; };
		CE97FAA82551F61D007BAE6E /* Utils.swift in Sources */ = {isa = PBXBuildFile; fileRef = CE97FAA72551F61D007BAE6E /* Utils.swift */; };
		CE97FAB22551F977007BAE6E /* Router.swift in Sources */ = {isa = PBXBuildFile; fileRef = CECB3CDC2549C2670070F36A /* Router.swift */; };
		CE97FAB62551F97A007BAE6E /* Network.swift in Sources */ = {isa = PBXBuildFile; fileRef = CECB3CE92549E4770070F36A /* Network.swift */; };
		CE97FABA2551F97C007BAE6E /* Client.swift in Sources */ = {isa = PBXBuildFile; fileRef = CECB3CFA254A06330070F36A /* Client.swift */; };
		CE97FAC12551FA5A007BAE6E /* Response.swift in Sources */ = {isa = PBXBuildFile; fileRef = CECB3CF52549E55B0070F36A /* Response.swift */; };
		CE97FAC82551FA80007BAE6E /* SearchModel.swift in Sources */ = {isa = PBXBuildFile; fileRef = CECB3D3E254B664B0070F36A /* SearchModel.swift */; };
		CE97FACC2551FAA3007BAE6E /* Category.swift in Sources */ = {isa = PBXBuildFile; fileRef = CECB3D04254A11310070F36A /* Category.swift */; };
		CE97FAD02551FAE5007BAE6E /* MainPageViewModel.swift in Sources */ = {isa = PBXBuildFile; fileRef = CEC0E9B3254DF07400509D61 /* MainPageViewModel.swift */; };
		CE97FAD42551FAEB007BAE6E /* MainPageDelegate.swift in Sources */ = {isa = PBXBuildFile; fileRef = CEC0E9BC254DF18D00509D61 /* MainPageDelegate.swift */; };
		CE97FAD82551FAF3007BAE6E /* ItemCollectionViewCell.swift in Sources */ = {isa = PBXBuildFile; fileRef = CEC0E9A2254DC6DB00509D61 /* ItemCollectionViewCell.swift */; };
		CE97FADC2551FAF9007BAE6E /* HeaderCollection.swift in Sources */ = {isa = PBXBuildFile; fileRef = CE97FA992550D274007BAE6E /* HeaderCollection.swift */; };
		CE97FAE02551FAFE007BAE6E /* DetailPageViewController.swift in Sources */ = {isa = PBXBuildFile; fileRef = CEC0E9DA254F124700509D61 /* DetailPageViewController.swift */; };
		CE97FAE42551FB06007BAE6E /* SearchPageViewController.swift in Sources */ = {isa = PBXBuildFile; fileRef = CEC0E98F254DC3DA00509D61 /* SearchPageViewController.swift */; };
		CE97FAEF2551FBC1007BAE6E /* UIImageView+extension.swift in Sources */ = {isa = PBXBuildFile; fileRef = CEC0E9C3254E549300509D61 /* UIImageView+extension.swift */; };
		CE97FAFA2551FC67007BAE6E /* UtilsTest.swift in Sources */ = {isa = PBXBuildFile; fileRef = CE97FAF92551FC67007BAE6E /* UtilsTest.swift */; };
		CEC0E97D254CACC500509D61 /* NoResultsView.xib in Resources */ = {isa = PBXBuildFile; fileRef = CEC0E97C254CACC500509D61 /* NoResultsView.xib */; };
		CEC0E97E254CACC500509D61 /* NoResultsView.xib in Resources */ = {isa = PBXBuildFile; fileRef = CEC0E97C254CACC500509D61 /* NoResultsView.xib */; };
		CEC0E983254CAECA00509D61 /* NoResultsView.swift in Sources */ = {isa = PBXBuildFile; fileRef = CEC0E982254CAECA00509D61 /* NoResultsView.swift */; };
		CEC0E984254CAECA00509D61 /* NoResultsView.swift in Sources */ = {isa = PBXBuildFile; fileRef = CEC0E982254CAECA00509D61 /* NoResultsView.swift */; };
		CEC0E990254DC3DA00509D61 /* SearchPageViewController.swift in Sources */ = {isa = PBXBuildFile; fileRef = CEC0E98F254DC3DA00509D61 /* SearchPageViewController.swift */; };
		CEC0E99A254DC5B600509D61 /* CollectionViewCell.xib in Resources */ = {isa = PBXBuildFile; fileRef = CEC0E999254DC5B600509D61 /* CollectionViewCell.xib */; };
		CEC0E99B254DC5B600509D61 /* CollectionViewCell.xib in Resources */ = {isa = PBXBuildFile; fileRef = CEC0E999254DC5B600509D61 /* CollectionViewCell.xib */; };
		CEC0E9A3254DC6DB00509D61 /* ItemCollectionViewCell.swift in Sources */ = {isa = PBXBuildFile; fileRef = CEC0E9A2254DC6DB00509D61 /* ItemCollectionViewCell.swift */; };
		CEC0E9B4254DF07400509D61 /* MainPageViewModel.swift in Sources */ = {isa = PBXBuildFile; fileRef = CEC0E9B3254DF07400509D61 /* MainPageViewModel.swift */; };
		CEC0E9BD254DF18D00509D61 /* MainPageDelegate.swift in Sources */ = {isa = PBXBuildFile; fileRef = CEC0E9BC254DF18D00509D61 /* MainPageDelegate.swift */; };
		CEC0E9C4254E549300509D61 /* UIImageView+extension.swift in Sources */ = {isa = PBXBuildFile; fileRef = CEC0E9C3254E549300509D61 /* UIImageView+extension.swift */; };
		CEC0E9DB254F124700509D61 /* DetailPageViewController.swift in Sources */ = {isa = PBXBuildFile; fileRef = CEC0E9DA254F124700509D61 /* DetailPageViewController.swift */; };
		CEC0E9F1254F14D200509D61 /* Main.storyboard in Resources */ = {isa = PBXBuildFile; fileRef = CEC0E9EF254F14D100509D61 /* Main.storyboard */; };
		CEC0E9F2254F14D200509D61 /* Main.storyboard in Resources */ = {isa = PBXBuildFile; fileRef = CEC0E9EF254F14D100509D61 /* Main.storyboard */; };
		CEC0EA5C254F444500509D61 /* ErrorType.swift in Sources */ = {isa = PBXBuildFile; fileRef = CECB3CE12549E1FA0070F36A /* ErrorType.swift */; };
		CEC0EA64254F4F2B00509D61 /* MockedRouter.swift in Sources */ = {isa = PBXBuildFile; fileRef = CEC0EA63254F4F2B00509D61 /* MockedRouter.swift */; };
		CEC0EA69254F51F100509D61 /* MockedNetwork.swift in Sources */ = {isa = PBXBuildFile; fileRef = CEC0EA68254F51F100509D61 /* MockedNetwork.swift */; };
		CEC0EA7C254F569500509D61 /* MainPageViewController.swift in Sources */ = {isa = PBXBuildFile; fileRef = CECB3D32254B5E4A0070F36A /* MainPageViewController.swift */; };
		CECB3CA92549C2090070F36A /* AppDelegate.swift in Sources */ = {isa = PBXBuildFile; fileRef = CECB3CA82549C2090070F36A /* AppDelegate.swift */; };
		CECB3CAB2549C2090070F36A /* SceneDelegate.swift in Sources */ = {isa = PBXBuildFile; fileRef = CECB3CAA2549C2090070F36A /* SceneDelegate.swift */; };
		CECB3CB22549C20B0070F36A /* Assets.xcassets in Resources */ = {isa = PBXBuildFile; fileRef = CECB3CB12549C20B0070F36A /* Assets.xcassets */; };
		CECB3CB52549C20B0070F36A /* LaunchScreen.storyboard in Resources */ = {isa = PBXBuildFile; fileRef = CECB3CB32549C20B0070F36A /* LaunchScreen.storyboard */; };
		CECB3CC02549C20B0070F36A /* EndPointsTest.swift in Sources */ = {isa = PBXBuildFile; fileRef = CECB3CBF2549C20B0070F36A /* EndPointsTest.swift */; };
		CECB3CCB2549C20B0070F36A /* MercadoLibreAppUITests.swift in Sources */ = {isa = PBXBuildFile; fileRef = CECB3CCA2549C20B0070F36A /* MercadoLibreAppUITests.swift */; };
		CECB3CDD2549C2670070F36A /* Router.swift in Sources */ = {isa = PBXBuildFile; fileRef = CECB3CDC2549C2670070F36A /* Router.swift */; };
		CECB3CE22549E1FA0070F36A /* ErrorType.swift in Sources */ = {isa = PBXBuildFile; fileRef = CECB3CE12549E1FA0070F36A /* ErrorType.swift */; };
		CECB3CEA2549E4770070F36A /* Network.swift in Sources */ = {isa = PBXBuildFile; fileRef = CECB3CE92549E4770070F36A /* Network.swift */; };
		CECB3CF62549E55B0070F36A /* Response.swift in Sources */ = {isa = PBXBuildFile; fileRef = CECB3CF52549E55B0070F36A /* Response.swift */; };
		CECB3CFB254A06330070F36A /* Client.swift in Sources */ = {isa = PBXBuildFile; fileRef = CECB3CFA254A06330070F36A /* Client.swift */; };
		CECB3D05254A11310070F36A /* Category.swift in Sources */ = {isa = PBXBuildFile; fileRef = CECB3D04254A11310070F36A /* Category.swift */; };
		CECB3D12254A22F30070F36A /* CategoryCollectionViewCell.swift in Sources */ = {isa = PBXBuildFile; fileRef = CECB3D11254A22F30070F36A /* CategoryCollectionViewCell.swift */; };
		CECB3D33254B5E4A0070F36A /* MainPageViewController.swift in Sources */ = {isa = PBXBuildFile; fileRef = CECB3D32254B5E4A0070F36A /* MainPageViewController.swift */; };
		CECB3D3F254B664B0070F36A /* SearchModel.swift in Sources */ = {isa = PBXBuildFile; fileRef = CECB3D3E254B664B0070F36A /* SearchModel.swift */; };
/* End PBXBuildFile section */

/* Begin PBXContainerItemProxy section */
		CECB3CBC2549C20B0070F36A /* PBXContainerItemProxy */ = {
			isa = PBXContainerItemProxy;
			containerPortal = CECB3C9D2549C2090070F36A /* Project object */;
			proxyType = 1;
			remoteGlobalIDString = CECB3CA42549C2090070F36A;
			remoteInfo = MercadoLibreApp;
		};
		CECB3CC72549C20B0070F36A /* PBXContainerItemProxy */ = {
			isa = PBXContainerItemProxy;
			containerPortal = CECB3C9D2549C2090070F36A /* Project object */;
			proxyType = 1;
			remoteGlobalIDString = CECB3CA42549C2090070F36A;
			remoteInfo = MercadoLibreApp;
		};
/* End PBXContainerItemProxy section */

/* Begin PBXFileReference section */
		CE97FA992550D274007BAE6E /* HeaderCollection.swift */ = {isa = PBXFileReference; lastKnownFileType = sourcecode.swift; path = HeaderCollection.swift; sourceTree = "<group>"; };
		CE97FAA72551F61D007BAE6E /* Utils.swift */ = {isa = PBXFileReference; lastKnownFileType = sourcecode.swift; path = Utils.swift; sourceTree = "<group>"; };
		CE97FAF92551FC67007BAE6E /* UtilsTest.swift */ = {isa = PBXFileReference; lastKnownFileType = sourcecode.swift; path = UtilsTest.swift; sourceTree = "<group>"; };
		CEC0E97C254CACC500509D61 /* NoResultsView.xib */ = {isa = PBXFileReference; lastKnownFileType = file.xib; path = NoResultsView.xib; sourceTree = "<group>"; };
		CEC0E982254CAECA00509D61 /* NoResultsView.swift */ = {isa = PBXFileReference; lastKnownFileType = sourcecode.swift; path = NoResultsView.swift; sourceTree = "<group>"; };
		CEC0E98F254DC3DA00509D61 /* SearchPageViewController.swift */ = {isa = PBXFileReference; lastKnownFileType = sourcecode.swift; path = SearchPageViewController.swift; sourceTree = "<group>"; };
		CEC0E999254DC5B600509D61 /* CollectionViewCell.xib */ = {isa = PBXFileReference; lastKnownFileType = file.xib; path = CollectionViewCell.xib; sourceTree = "<group>"; };
		CEC0E9A2254DC6DB00509D61 /* ItemCollectionViewCell.swift */ = {isa = PBXFileReference; lastKnownFileType = sourcecode.swift; path = ItemCollectionViewCell.swift; sourceTree = "<group>"; };
		CEC0E9B3254DF07400509D61 /* MainPageViewModel.swift */ = {isa = PBXFileReference; lastKnownFileType = sourcecode.swift; path = MainPageViewModel.swift; sourceTree = "<group>"; };
		CEC0E9BC254DF18D00509D61 /* MainPageDelegate.swift */ = {isa = PBXFileReference; lastKnownFileType = sourcecode.swift; path = MainPageDelegate.swift; sourceTree = "<group>"; };
		CEC0E9C3254E549300509D61 /* UIImageView+extension.swift */ = {isa = PBXFileReference; lastKnownFileType = sourcecode.swift; path = "UIImageView+extension.swift"; sourceTree = "<group>"; };
		CEC0E9DA254F124700509D61 /* DetailPageViewController.swift */ = {isa = PBXFileReference; lastKnownFileType = sourcecode.swift; path = DetailPageViewController.swift; sourceTree = "<group>"; };
		CEC0E9F0254F14D100509D61 /* Base */ = {isa = PBXFileReference; lastKnownFileType = file.storyboard; name = Base; path = Base.lproj/Main.storyboard; sourceTree = "<group>"; };
		CEC0EA63254F4F2B00509D61 /* MockedRouter.swift */ = {isa = PBXFileReference; lastKnownFileType = sourcecode.swift; path = MockedRouter.swift; sourceTree = "<group>"; };
		CEC0EA68254F51F100509D61 /* MockedNetwork.swift */ = {isa = PBXFileReference; lastKnownFileType = sourcecode.swift; path = MockedNetwork.swift; sourceTree = "<group>"; };
		CECB3CA52549C2090070F36A /* MercadoLibreApp.app */ = {isa = PBXFileReference; explicitFileType = wrapper.application; includeInIndex = 0; path = MercadoLibreApp.app; sourceTree = BUILT_PRODUCTS_DIR; };
		CECB3CA82549C2090070F36A /* AppDelegate.swift */ = {isa = PBXFileReference; lastKnownFileType = sourcecode.swift; path = AppDelegate.swift; sourceTree = "<group>"; };
		CECB3CAA2549C2090070F36A /* SceneDelegate.swift */ = {isa = PBXFileReference; lastKnownFileType = sourcecode.swift; path = SceneDelegate.swift; sourceTree = "<group>"; };
		CECB3CB12549C20B0070F36A /* Assets.xcassets */ = {isa = PBXFileReference; lastKnownFileType = folder.assetcatalog; path = Assets.xcassets; sourceTree = "<group>"; };
		CECB3CB42549C20B0070F36A /* Base */ = {isa = PBXFileReference; lastKnownFileType = file.storyboard; name = Base; path = Base.lproj/LaunchScreen.storyboard; sourceTree = "<group>"; };
		CECB3CB62549C20B0070F36A /* Info.plist */ = {isa = PBXFileReference; lastKnownFileType = text.plist.xml; path = Info.plist; sourceTree = "<group>"; };
		CECB3CBB2549C20B0070F36A /* MercadoLibreAppTests.xctest */ = {isa = PBXFileReference; explicitFileType = wrapper.cfbundle; includeInIndex = 0; path = MercadoLibreAppTests.xctest; sourceTree = BUILT_PRODUCTS_DIR; };
		CECB3CBF2549C20B0070F36A /* EndPointsTest.swift */ = {isa = PBXFileReference; lastKnownFileType = sourcecode.swift; path = EndPointsTest.swift; sourceTree = "<group>"; };
		CECB3CC12549C20B0070F36A /* Info.plist */ = {isa = PBXFileReference; lastKnownFileType = text.plist.xml; path = Info.plist; sourceTree = "<group>"; };
		CECB3CC62549C20B0070F36A /* MercadoLibreAppUITests.xctest */ = {isa = PBXFileReference; explicitFileType = wrapper.cfbundle; includeInIndex = 0; path = MercadoLibreAppUITests.xctest; sourceTree = BUILT_PRODUCTS_DIR; };
		CECB3CCA2549C20B0070F36A /* MercadoLibreAppUITests.swift */ = {isa = PBXFileReference; lastKnownFileType = sourcecode.swift; path = MercadoLibreAppUITests.swift; sourceTree = "<group>"; };
		CECB3CCC2549C20B0070F36A /* Info.plist */ = {isa = PBXFileReference; lastKnownFileType = text.plist.xml; path = Info.plist; sourceTree = "<group>"; };
		CECB3CDC2549C2670070F36A /* Router.swift */ = {isa = PBXFileReference; lastKnownFileType = sourcecode.swift; path = Router.swift; sourceTree = "<group>"; };
		CECB3CE12549E1FA0070F36A /* ErrorType.swift */ = {isa = PBXFileReference; lastKnownFileType = sourcecode.swift; path = ErrorType.swift; sourceTree = "<group>"; };
		CECB3CE92549E4770070F36A /* Network.swift */ = {isa = PBXFileReference; lastKnownFileType = sourcecode.swift; path = Network.swift; sourceTree = "<group>"; };
		CECB3CF52549E55B0070F36A /* Response.swift */ = {isa = PBXFileReference; lastKnownFileType = sourcecode.swift; path = Response.swift; sourceTree = "<group>"; };
		CECB3CFA254A06330070F36A /* Client.swift */ = {isa = PBXFileReference; lastKnownFileType = sourcecode.swift; path = Client.swift; sourceTree = "<group>"; };
		CECB3D04254A11310070F36A /* Category.swift */ = {isa = PBXFileReference; lastKnownFileType = sourcecode.swift; path = Category.swift; sourceTree = "<group>"; };
		CECB3D11254A22F30070F36A /* CategoryCollectionViewCell.swift */ = {isa = PBXFileReference; lastKnownFileType = sourcecode.swift; path = CategoryCollectionViewCell.swift; sourceTree = "<group>"; };
		CECB3D32254B5E4A0070F36A /* MainPageViewController.swift */ = {isa = PBXFileReference; lastKnownFileType = sourcecode.swift; path = MainPageViewController.swift; sourceTree = "<group>"; };
		CECB3D3E254B664B0070F36A /* SearchModel.swift */ = {isa = PBXFileReference; lastKnownFileType = sourcecode.swift; path = SearchModel.swift; sourceTree = "<group>"; };
/* End PBXFileReference section */

/* Begin PBXFrameworksBuildPhase section */
		CECB3CA22549C2090070F36A /* Frameworks */ = {
			isa = PBXFrameworksBuildPhase;
			buildActionMask = 2147483647;
			files = (
			);
			runOnlyForDeploymentPostprocessing = 0;
		};
		CECB3CB82549C20B0070F36A /* Frameworks */ = {
			isa = PBXFrameworksBuildPhase;
			buildActionMask = 2147483647;
			files = (
			);
			runOnlyForDeploymentPostprocessing = 0;
		};
		CECB3CC32549C20B0070F36A /* Frameworks */ = {
			isa = PBXFrameworksBuildPhase;
			buildActionMask = 2147483647;
			files = (
			);
			runOnlyForDeploymentPostprocessing = 0;
		};
/* End PBXFrameworksBuildPhase section */

/* Begin PBXGroup section */
		CEC0E98E254DC3AB00509D61 /* SearchPage */ = {
			isa = PBXGroup;
			children = (
				CEC0E98F254DC3DA00509D61 /* SearchPageViewController.swift */,
				CEC0E998254DC51100509D61 /* UI */,
			);
			path = SearchPage;
			sourceTree = "<group>";
		};
		CEC0E998254DC51100509D61 /* UI */ = {
			isa = PBXGroup;
			children = (
				CEC0E999254DC5B600509D61 /* CollectionViewCell.xib */,
				CEC0E9A2254DC6DB00509D61 /* ItemCollectionViewCell.swift */,
			);
			path = UI;
			sourceTree = "<group>";
		};
		CEC0E9C2254E546D00509D61 /* Extension */ = {
			isa = PBXGroup;
			children = (
				CEC0E9C3254E549300509D61 /* UIImageView+extension.swift */,
			);
			path = Extension;
			sourceTree = "<group>";
		};
		CEC0E9D9254F122100509D61 /* DetailPage */ = {
			isa = PBXGroup;
			children = (
				CEC0E9DA254F124700509D61 /* DetailPageViewController.swift */,
			);
			path = DetailPage;
			sourceTree = "<group>";
		};
		CECB3C9C2549C2090070F36A = {
			isa = PBXGroup;
			children = (
				CECB3CA72549C2090070F36A /* MercadoLibreApp */,
				CECB3CBE2549C20B0070F36A /* MercadoLibreAppTests */,
				CECB3CC92549C20B0070F36A /* MercadoLibreAppUITests */,
				CECB3CA62549C2090070F36A /* Products */,
			);
			sourceTree = "<group>";
		};
		CECB3CA62549C2090070F36A /* Products */ = {
			isa = PBXGroup;
			children = (
				CECB3CA52549C2090070F36A /* MercadoLibreApp.app */,
				CECB3CBB2549C20B0070F36A /* MercadoLibreAppTests.xctest */,
				CECB3CC62549C20B0070F36A /* MercadoLibreAppUITests.xctest */,
			);
			name = Products;
			sourceTree = "<group>";
		};
		CECB3CA72549C2090070F36A /* MercadoLibreApp */ = {
			isa = PBXGroup;
			children = (
				CECB3CA82549C2090070F36A /* AppDelegate.swift */,
				CE97FAA72551F61D007BAE6E /* Utils.swift */,
				CEC0E9C2254E546D00509D61 /* Extension */,
				CECB3D03254A0E9A0070F36A /* Models */,
				CECB3CDB2549C2510070F36A /* Services */,
				CECB3D25254B41B90070F36A /* MainPage */,
				CEC0E98E254DC3AB00509D61 /* SearchPage */,
				CEC0E9D9254F122100509D61 /* DetailPage */,
				CEC0E9EF254F14D100509D61 /* Main.storyboard */,
				CECB3CB12549C20B0070F36A /* Assets.xcassets */,
				CECB3CB32549C20B0070F36A /* LaunchScreen.storyboard */,
				CECB3CB62549C20B0070F36A /* Info.plist */,
				CECB3CAA2549C2090070F36A /* SceneDelegate.swift */,
			);
			path = MercadoLibreApp;
			sourceTree = "<group>";
		};
		CECB3CBE2549C20B0070F36A /* MercadoLibreAppTests */ = {
			isa = PBXGroup;
			children = (
				CECB3CBF2549C20B0070F36A /* EndPointsTest.swift */,
				CE97FAF92551FC67007BAE6E /* UtilsTest.swift */,
				CECB3CC12549C20B0070F36A /* Info.plist */,
				CEC0EA63254F4F2B00509D61 /* MockedRouter.swift */,
				CEC0EA68254F51F100509D61 /* MockedNetwork.swift */,
			);
			path = MercadoLibreAppTests;
			sourceTree = "<group>";
		};
		CECB3CC92549C20B0070F36A /* MercadoLibreAppUITests */ = {
			isa = PBXGroup;
			children = (
				CECB3CCA2549C20B0070F36A /* MercadoLibreAppUITests.swift */,
				CECB3CCC2549C20B0070F36A /* Info.plist */,
			);
			path = MercadoLibreAppUITests;
			sourceTree = "<group>";
		};
		CECB3CDB2549C2510070F36A /* Services */ = {
			isa = PBXGroup;
			children = (
				CECB3CDC2549C2670070F36A /* Router.swift */,
				CECB3CE92549E4770070F36A /* Network.swift */,
				CECB3CFA254A06330070F36A /* Client.swift */,
			);
			path = Services;
			sourceTree = "<group>";
		};
		CECB3D03254A0E9A0070F36A /* Models */ = {
			isa = PBXGroup;
			children = (
				CECB3CF52549E55B0070F36A /* Response.swift */,
				CECB3CE12549E1FA0070F36A /* ErrorType.swift */,
				CECB3D04254A11310070F36A /* Category.swift */,
				CECB3D3E254B664B0070F36A /* SearchModel.swift */,
			);
			path = Models;
			sourceTree = "<group>";
		};
		CECB3D16254A22FA0070F36A /* UI */ = {
			isa = PBXGroup;
			children = (
				CECB3D11254A22F30070F36A /* CategoryCollectionViewCell.swift */,
				CEC0E97C254CACC500509D61 /* NoResultsView.xib */,
				CEC0E982254CAECA00509D61 /* NoResultsView.swift */,
				CE97FA992550D274007BAE6E /* HeaderCollection.swift */,
			);
			path = UI;
			sourceTree = "<group>";
		};
		CECB3D25254B41B90070F36A /* MainPage */ = {
			isa = PBXGroup;
			children = (
				CECB3D16254A22FA0070F36A /* UI */,
				CECB3D32254B5E4A0070F36A /* MainPageViewController.swift */,
				CEC0E9B3254DF07400509D61 /* MainPageViewModel.swift */,
				CEC0E9BC254DF18D00509D61 /* MainPageDelegate.swift */,
			);
			path = MainPage;
			sourceTree = "<group>";
		};
/* End PBXGroup section */

/* Begin PBXNativeTarget section */
		CECB3CA42549C2090070F36A /* MercadoLibreApp */ = {
			isa = PBXNativeTarget;
			buildConfigurationList = CECB3CCF2549C20B0070F36A /* Build configuration list for PBXNativeTarget "MercadoLibreApp" */;
			buildPhases = (
				CECB3CA12549C2090070F36A /* Sources */,
				CECB3CA22549C2090070F36A /* Frameworks */,
				CECB3CA32549C2090070F36A /* Resources */,
			);
			buildRules = (
			);
			dependencies = (
			);
			name = MercadoLibreApp;
			productName = MercadoLibreApp;
			productReference = CECB3CA52549C2090070F36A /* MercadoLibreApp.app */;
			productType = "com.apple.product-type.application";
		};
		CECB3CBA2549C20B0070F36A /* MercadoLibreAppTests */ = {
			isa = PBXNativeTarget;
			buildConfigurationList = CECB3CD22549C20B0070F36A /* Build configuration list for PBXNativeTarget "MercadoLibreAppTests" */;
			buildPhases = (
				CECB3CB72549C20B0070F36A /* Sources */,
				CECB3CB82549C20B0070F36A /* Frameworks */,
				CECB3CB92549C20B0070F36A /* Resources */,
			);
			buildRules = (
			);
			dependencies = (
				CECB3CBD2549C20B0070F36A /* PBXTargetDependency */,
			);
			name = MercadoLibreAppTests;
			productName = MercadoLibreAppTests;
			productReference = CECB3CBB2549C20B0070F36A /* MercadoLibreAppTests.xctest */;
			productType = "com.apple.product-type.bundle.unit-test";
		};
		CECB3CC52549C20B0070F36A /* MercadoLibreAppUITests */ = {
			isa = PBXNativeTarget;
			buildConfigurationList = CECB3CD52549C20B0070F36A /* Build configuration list for PBXNativeTarget "MercadoLibreAppUITests" */;
			buildPhases = (
				CECB3CC22549C20B0070F36A /* Sources */,
				CECB3CC32549C20B0070F36A /* Frameworks */,
				CECB3CC42549C20B0070F36A /* Resources */,
			);
			buildRules = (
			);
			dependencies = (
				CECB3CC82549C20B0070F36A /* PBXTargetDependency */,
			);
			name = MercadoLibreAppUITests;
			productName = MercadoLibreAppUITests;
			productReference = CECB3CC62549C20B0070F36A /* MercadoLibreAppUITests.xctest */;
			productType = "com.apple.product-type.bundle.ui-testing";
		};
/* End PBXNativeTarget section */

/* Begin PBXProject section */
		CECB3C9D2549C2090070F36A /* Project object */ = {
			isa = PBXProject;
			attributes = {
				LastSwiftUpdateCheck = 1210;
				LastUpgradeCheck = 1210;
				TargetAttributes = {
					CECB3CA42549C2090070F36A = {
						CreatedOnToolsVersion = 12.1;
					};
					CECB3CBA2549C20B0070F36A = {
						CreatedOnToolsVersion = 12.1;
						TestTargetID = CECB3CA42549C2090070F36A;
					};
					CECB3CC52549C20B0070F36A = {
						CreatedOnToolsVersion = 12.1;
						TestTargetID = CECB3CA42549C2090070F36A;
					};
				};
			};
			buildConfigurationList = CECB3CA02549C2090070F36A /* Build configuration list for PBXProject "MercadoLibreApp" */;
			compatibilityVersion = "Xcode 9.3";
			developmentRegion = en;
			hasScannedForEncodings = 0;
			knownRegions = (
				en,
				Base,
			);
			mainGroup = CECB3C9C2549C2090070F36A;
			productRefGroup = CECB3CA62549C2090070F36A /* Products */;
			projectDirPath = "";
			projectRoot = "";
			targets = (
				CECB3CA42549C2090070F36A /* MercadoLibreApp */,
				CECB3CBA2549C20B0070F36A /* MercadoLibreAppTests */,
				CECB3CC52549C20B0070F36A /* MercadoLibreAppUITests */,
			);
		};
/* End PBXProject section */

/* Begin PBXResourcesBuildPhase section */
		CECB3CA32549C2090070F36A /* Resources */ = {
			isa = PBXResourcesBuildPhase;
			buildActionMask = 2147483647;
			files = (
				CEC0E97D254CACC500509D61 /* NoResultsView.xib in Resources */,
				CEC0E9F1254F14D200509D61 /* Main.storyboard in Resources */,
				CECB3CB52549C20B0070F36A /* LaunchScreen.storyboard in Resources */,
				CECB3CB22549C20B0070F36A /* Assets.xcassets in Resources */,
				CEC0E99A254DC5B600509D61 /* CollectionViewCell.xib in Resources */,
			);
			runOnlyForDeploymentPostprocessing = 0;
		};
		CECB3CB92549C20B0070F36A /* Resources */ = {
			isa = PBXResourcesBuildPhase;
			buildActionMask = 2147483647;
			files = (
				CEC0E9F2254F14D200509D61 /* Main.storyboard in Resources */,
				CEC0E99B254DC5B600509D61 /* CollectionViewCell.xib in Resources */,
				CEC0E97E254CACC500509D61 /* NoResultsView.xib in Resources */,
			);
			runOnlyForDeploymentPostprocessing = 0;
		};
		CECB3CC42549C20B0070F36A /* Resources */ = {
			isa = PBXResourcesBuildPhase;
			buildActionMask = 2147483647;
			files = (
			);
			runOnlyForDeploymentPostprocessing = 0;
		};
/* End PBXResourcesBuildPhase section */

/* Begin PBXSourcesBuildPhase section */
		CECB3CA12549C2090070F36A /* Sources */ = {
			isa = PBXSourcesBuildPhase;
			buildActionMask = 2147483647;
			files = (
				CEC0E983254CAECA00509D61 /* NoResultsView.swift in Sources */,
				CECB3CE22549E1FA0070F36A /* ErrorType.swift in Sources */,
				CECB3CEA2549E4770070F36A /* Network.swift in Sources */,
				CE97FA9A2550D274007BAE6E /* HeaderCollection.swift in Sources */,
				CEC0E9C4254E549300509D61 /* UIImageView+extension.swift in Sources */,
				CEC0E9BD254DF18D00509D61 /* MainPageDelegate.swift in Sources */,
				CECB3D3F254B664B0070F36A /* SearchModel.swift in Sources */,
				CECB3D33254B5E4A0070F36A /* MainPageViewController.swift in Sources */,
				CECB3CDD2549C2670070F36A /* Router.swift in Sources */,
				CECB3CF62549E55B0070F36A /* Response.swift in Sources */,
				CECB3D05254A11310070F36A /* Category.swift in Sources */,
				CEC0E9DB254F124700509D61 /* DetailPageViewController.swift in Sources */,
				CEC0E990254DC3DA00509D61 /* SearchPageViewController.swift in Sources */,
				CECB3D12254A22F30070F36A /* CategoryCollectionViewCell.swift in Sources */,
				CECB3CA92549C2090070F36A /* AppDelegate.swift in Sources */,
				CECB3CFB254A06330070F36A /* Client.swift in Sources */,
				CE97FAA82551F61D007BAE6E /* Utils.swift in Sources */,
				CEC0E9B4254DF07400509D61 /* MainPageViewModel.swift in Sources */,
				CECB3CAB2549C2090070F36A /* SceneDelegate.swift in Sources */,
				CEC0E9A3254DC6DB00509D61 /* ItemCollectionViewCell.swift in Sources */,
			);
			runOnlyForDeploymentPostprocessing = 0;
		};
		CECB3CB72549C20B0070F36A /* Sources */ = {
			isa = PBXSourcesBuildPhase;
			buildActionMask = 2147483647;
			files = (
				CE97FAD82551FAF3007BAE6E /* ItemCollectionViewCell.swift in Sources */,
				CEC0EA69254F51F100509D61 /* MockedNetwork.swift in Sources */,
				CE97FAE02551FAFE007BAE6E /* DetailPageViewController.swift in Sources */,
				CEC0EA5C254F444500509D61 /* ErrorType.swift in Sources */,
				CE97FAFA2551FC67007BAE6E /* UtilsTest.swift in Sources */,
				CE97FAD42551FAEB007BAE6E /* MainPageDelegate.swift in Sources */,
				CE97FAD02551FAE5007BAE6E /* MainPageViewModel.swift in Sources */,
				CE97FAB62551F97A007BAE6E /* Network.swift in Sources */,
				CE97FADC2551FAF9007BAE6E /* HeaderCollection.swift in Sources */,
				CEC0E984254CAECA00509D61 /* NoResultsView.swift in Sources */,
				CE97FAC12551FA5A007BAE6E /* Response.swift in Sources */,
				CE97FAEF2551FBC1007BAE6E /* UIImageView+extension.swift in Sources */,
				CE97FAB22551F977007BAE6E /* Router.swift in Sources */,
				CE97FAC82551FA80007BAE6E /* SearchModel.swift in Sources */,
				CEC0EA64254F4F2B00509D61 /* MockedRouter.swift in Sources */,
				CEC0EA7C254F569500509D61 /* MainPageViewController.swift in Sources */,
				CECB3CC02549C20B0070F36A /* EndPointsTest.swift in Sources */,
				CE97FAE42551FB06007BAE6E /* SearchPageViewController.swift in Sources */,
				CE97FABA2551F97C007BAE6E /* Client.swift in Sources */,
				CE97FACC2551FAA3007BAE6E /* Category.swift in Sources */,
			);
			runOnlyForDeploymentPostprocessing = 0;
		};
		CECB3CC22549C20B0070F36A /* Sources */ = {
			isa = PBXSourcesBuildPhase;
			buildActionMask = 2147483647;
			files = (
				CECB3CCB2549C20B0070F36A /* MercadoLibreAppUITests.swift in Sources */,
			);
			runOnlyForDeploymentPostprocessing = 0;
		};
/* End PBXSourcesBuildPhase section */

/* Begin PBXTargetDependency section */
		CECB3CBD2549C20B0070F36A /* PBXTargetDependency */ = {
			isa = PBXTargetDependency;
			target = CECB3CA42549C2090070F36A /* MercadoLibreApp */;
			targetProxy = CECB3CBC2549C20B0070F36A /* PBXContainerItemProxy */;
		};
		CECB3CC82549C20B0070F36A /* PBXTargetDependency */ = {
			isa = PBXTargetDependency;
			target = CECB3CA42549C2090070F36A /* MercadoLibreApp */;
			targetProxy = CECB3CC72549C20B0070F36A /* PBXContainerItemProxy */;
		};
/* End PBXTargetDependency section */

/* Begin PBXVariantGroup section */
		CEC0E9EF254F14D100509D61 /* Main.storyboard */ = {
			isa = PBXVariantGroup;
			children = (
				CEC0E9F0254F14D100509D61 /* Base */,
			);
			name = Main.storyboard;
			sourceTree = "<group>";
		};
		CECB3CB32549C20B0070F36A /* LaunchScreen.storyboard */ = {
			isa = PBXVariantGroup;
			children = (
				CECB3CB42549C20B0070F36A /* Base */,
			);
			name = LaunchScreen.storyboard;
			sourceTree = "<group>";
		};
/* End PBXVariantGroup section */

/* Begin XCBuildConfiguration section */
		CECB3CCD2549C20B0070F36A /* Debug */ = {
			isa = XCBuildConfiguration;
			buildSettings = {
				ALWAYS_SEARCH_USER_PATHS = NO;
				CLANG_ANALYZER_NONNULL = YES;
				CLANG_ANALYZER_NUMBER_OBJECT_CONVERSION = YES_AGGRESSIVE;
				CLANG_CXX_LANGUAGE_STANDARD = "gnu++14";
				CLANG_CXX_LIBRARY = "libc++";
				CLANG_ENABLE_MODULES = YES;
				CLANG_ENABLE_OBJC_ARC = YES;
				CLANG_ENABLE_OBJC_WEAK = YES;
				CLANG_WARN_BLOCK_CAPTURE_AUTORELEASING = YES;
				CLANG_WARN_BOOL_CONVERSION = YES;
				CLANG_WARN_COMMA = YES;
				CLANG_WARN_CONSTANT_CONVERSION = YES;
				CLANG_WARN_DEPRECATED_OBJC_IMPLEMENTATIONS = YES;
				CLANG_WARN_DIRECT_OBJC_ISA_USAGE = YES_ERROR;
				CLANG_WARN_DOCUMENTATION_COMMENTS = YES;
				CLANG_WARN_EMPTY_BODY = YES;
				CLANG_WARN_ENUM_CONVERSION = YES;
				CLANG_WARN_INFINITE_RECURSION = YES;
				CLANG_WARN_INT_CONVERSION = YES;
				CLANG_WARN_NON_LITERAL_NULL_CONVERSION = YES;
				CLANG_WARN_OBJC_IMPLICIT_RETAIN_SELF = YES;
				CLANG_WARN_OBJC_LITERAL_CONVERSION = YES;
				CLANG_WARN_OBJC_ROOT_CLASS = YES_ERROR;
				CLANG_WARN_QUOTED_INCLUDE_IN_FRAMEWORK_HEADER = YES;
				CLANG_WARN_RANGE_LOOP_ANALYSIS = YES;
				CLANG_WARN_STRICT_PROTOTYPES = YES;
				CLANG_WARN_SUSPICIOUS_MOVE = YES;
				CLANG_WARN_UNGUARDED_AVAILABILITY = YES_AGGRESSIVE;
				CLANG_WARN_UNREACHABLE_CODE = YES;
				CLANG_WARN__DUPLICATE_METHOD_MATCH = YES;
				COPY_PHASE_STRIP = NO;
				DEBUG_INFORMATION_FORMAT = dwarf;
				ENABLE_STRICT_OBJC_MSGSEND = YES;
				ENABLE_TESTABILITY = YES;
				GCC_C_LANGUAGE_STANDARD = gnu11;
				GCC_DYNAMIC_NO_PIC = NO;
				GCC_NO_COMMON_BLOCKS = YES;
				GCC_OPTIMIZATION_LEVEL = 0;
				GCC_PREPROCESSOR_DEFINITIONS = (
					"DEBUG=1",
					"$(inherited)",
				);
				GCC_WARN_64_TO_32_BIT_CONVERSION = YES;
				GCC_WARN_ABOUT_RETURN_TYPE = YES_ERROR;
				GCC_WARN_UNDECLARED_SELECTOR = YES;
				GCC_WARN_UNINITIALIZED_AUTOS = YES_AGGRESSIVE;
				GCC_WARN_UNUSED_FUNCTION = YES;
				GCC_WARN_UNUSED_VARIABLE = YES;
				IPHONEOS_DEPLOYMENT_TARGET = 14.1;
				MTL_ENABLE_DEBUG_INFO = INCLUDE_SOURCE;
				MTL_FAST_MATH = YES;
				ONLY_ACTIVE_ARCH = YES;
				SDKROOT = iphoneos;
				SWIFT_ACTIVE_COMPILATION_CONDITIONS = DEBUG;
				SWIFT_OPTIMIZATION_LEVEL = "-Onone";
			};
			name = Debug;
		};
		CECB3CCE2549C20B0070F36A /* Release */ = {
			isa = XCBuildConfiguration;
			buildSettings = {
				ALWAYS_SEARCH_USER_PATHS = NO;
				CLANG_ANALYZER_NONNULL = YES;
				CLANG_ANALYZER_NUMBER_OBJECT_CONVERSION = YES_AGGRESSIVE;
				CLANG_CXX_LANGUAGE_STANDARD = "gnu++14";
				CLANG_CXX_LIBRARY = "libc++";
				CLANG_ENABLE_MODULES = YES;
				CLANG_ENABLE_OBJC_ARC = YES;
				CLANG_ENABLE_OBJC_WEAK = YES;
				CLANG_WARN_BLOCK_CAPTURE_AUTORELEASING = YES;
				CLANG_WARN_BOOL_CONVERSION = YES;
				CLANG_WARN_COMMA = YES;
				CLANG_WARN_CONSTANT_CONVERSION = YES;
				CLANG_WARN_DEPRECATED_OBJC_IMPLEMENTATIONS = YES;
				CLANG_WARN_DIRECT_OBJC_ISA_USAGE = YES_ERROR;
				CLANG_WARN_DOCUMENTATION_COMMENTS = YES;
				CLANG_WARN_EMPTY_BODY = YES;
				CLANG_WARN_ENUM_CONVERSION = YES;
				CLANG_WARN_INFINITE_RECURSION = YES;
				CLANG_WARN_INT_CONVERSION = YES;
				CLANG_WARN_NON_LITERAL_NULL_CONVERSION = YES;
				CLANG_WARN_OBJC_IMPLICIT_RETAIN_SELF = YES;
				CLANG_WARN_OBJC_LITERAL_CONVERSION = YES;
				CLANG_WARN_OBJC_ROOT_CLASS = YES_ERROR;
				CLANG_WARN_QUOTED_INCLUDE_IN_FRAMEWORK_HEADER = YES;
				CLANG_WARN_RANGE_LOOP_ANALYSIS = YES;
				CLANG_WARN_STRICT_PROTOTYPES = YES;
				CLANG_WARN_SUSPICIOUS_MOVE = YES;
				CLANG_WARN_UNGUARDED_AVAILABILITY = YES_AGGRESSIVE;
				CLANG_WARN_UNREACHABLE_CODE = YES;
				CLANG_WARN__DUPLICATE_METHOD_MATCH = YES;
				COPY_PHASE_STRIP = NO;
				DEBUG_INFORMATION_FORMAT = "dwarf-with-dsym";
				ENABLE_NS_ASSERTIONS = NO;
				ENABLE_STRICT_OBJC_MSGSEND = YES;
				GCC_C_LANGUAGE_STANDARD = gnu11;
				GCC_NO_COMMON_BLOCKS = YES;
				GCC_WARN_64_TO_32_BIT_CONVERSION = YES;
				GCC_WARN_ABOUT_RETURN_TYPE = YES_ERROR;
				GCC_WARN_UNDECLARED_SELECTOR = YES;
				GCC_WARN_UNINITIALIZED_AUTOS = YES_AGGRESSIVE;
				GCC_WARN_UNUSED_FUNCTION = YES;
				GCC_WARN_UNUSED_VARIABLE = YES;
				IPHONEOS_DEPLOYMENT_TARGET = 14.1;
				MTL_ENABLE_DEBUG_INFO = NO;
				MTL_FAST_MATH = YES;
				SDKROOT = iphoneos;
				SWIFT_COMPILATION_MODE = wholemodule;
				SWIFT_OPTIMIZATION_LEVEL = "-O";
				VALIDATE_PRODUCT = YES;
			};
			name = Release;
		};
		CECB3CD02549C20B0070F36A /* Debug */ = {
			isa = XCBuildConfiguration;
			buildSettings = {
				ASSETCATALOG_COMPILER_APPICON_NAME = AppIcon;
				ASSETCATALOG_COMPILER_GLOBAL_ACCENT_COLOR_NAME = AccentColor;
				CODE_SIGN_STYLE = Automatic;
				DEVELOPMENT_TEAM = WW5K829KP9;
				INFOPLIST_FILE = MercadoLibreApp/Info.plist;
				IPHONEOS_DEPLOYMENT_TARGET = 13.0;
				LD_RUNPATH_SEARCH_PATHS = (
					"$(inherited)",
					"@executable_path/Frameworks",
				);
				PRODUCT_BUNDLE_IDENTIFIER = danielBeltran.MercadoLibreApp;
				PRODUCT_NAME = "$(TARGET_NAME)";
				SWIFT_VERSION = 5.0;
				TARGETED_DEVICE_FAMILY = "1,2";
			};
			name = Debug;
		};
		CECB3CD12549C20B0070F36A /* Release */ = {
			isa = XCBuildConfiguration;
			buildSettings = {
				ASSETCATALOG_COMPILER_APPICON_NAME = AppIcon;
				ASSETCATALOG_COMPILER_GLOBAL_ACCENT_COLOR_NAME = AccentColor;
				CODE_SIGN_STYLE = Automatic;
				DEVELOPMENT_TEAM = WW5K829KP9;
				INFOPLIST_FILE = MercadoLibreApp/Info.plist;
				IPHONEOS_DEPLOYMENT_TARGET = 13.0;
				LD_RUNPATH_SEARCH_PATHS = (
					"$(inherited)",
					"@executable_path/Frameworks",
				);
				PRODUCT_BUNDLE_IDENTIFIER = danielBeltran.MercadoLibreApp;
				PRODUCT_NAME = "$(TARGET_NAME)";
				SWIFT_VERSION = 5.0;
				TARGETED_DEVICE_FAMILY = "1,2";
			};
			name = Release;
		};
		CECB3CD32549C20B0070F36A /* Debug */ = {
			isa = XCBuildConfiguration;
			buildSettings = {
				ALWAYS_EMBED_SWIFT_STANDARD_LIBRARIES = YES;
				BUNDLE_LOADER = "$(TEST_HOST)";
				CODE_SIGN_STYLE = Automatic;
				DEVELOPMENT_TEAM = WW5K829KP9;
				INFOPLIST_FILE = MercadoLibreAppTests/Info.plist;
				IPHONEOS_DEPLOYMENT_TARGET = 14.1;
				LD_RUNPATH_SEARCH_PATHS = (
					"$(inherited)",
					"@executable_path/Frameworks",
					"@loader_path/Frameworks",
				);
				PRODUCT_BUNDLE_IDENTIFIER = danielBeltran.MercadoLibreAppTests;
				PRODUCT_NAME = "$(TARGET_NAME)";
				SWIFT_VERSION = 5.0;
				TARGETED_DEVICE_FAMILY = "1,2";
				TEST_HOST = "$(BUILT_PRODUCTS_DIR)/MercadoLibreApp.app/MercadoLibreApp";
			};
			name = Debug;
		};
		CECB3CD42549C20B0070F36A /* Release */ = {
			isa = XCBuildConfiguration;
			buildSettings = {
				ALWAYS_EMBED_SWIFT_STANDARD_LIBRARIES = YES;
				BUNDLE_LOADER = "$(TEST_HOST)";
				CODE_SIGN_STYLE = Automatic;
				DEVELOPMENT_TEAM = WW5K829KP9;
				INFOPLIST_FILE = MercadoLibreAppTests/Info.plist;
				IPHONEOS_DEPLOYMENT_TARGET = 14.1;
				LD_RUNPATH_SEARCH_PATHS = (
					"$(inherited)",
					"@executable_path/Frameworks",
					"@loader_path/Frameworks",
				);
				PRODUCT_BUNDLE_IDENTIFIER = danielBeltran.MercadoLibreAppTests;
				PRODUCT_NAME = "$(TARGET_NAME)";
				SWIFT_VERSION = 5.0;
				TARGETED_DEVICE_FAMILY = "1,2";
				TEST_HOST = "$(BUILT_PRODUCTS_DIR)/MercadoLibreApp.app/MercadoLibreApp";
			};
			name = Release;
		};
		CECB3CD62549C20B0070F36A /* Debug */ = {
			isa = XCBuildConfiguration;
			buildSettings = {
				ALWAYS_EMBED_SWIFT_STANDARD_LIBRARIES = YES;
				CODE_SIGN_STYLE = Automatic;
				DEVELOPMENT_TEAM = WW5K829KP9;
				INFOPLIST_FILE = MercadoLibreAppUITests/Info.plist;
				LD_RUNPATH_SEARCH_PATHS = (
					"$(inherited)",
					"@executable_path/Frameworks",
					"@loader_path/Frameworks",
				);
				PRODUCT_BUNDLE_IDENTIFIER = danielBeltran.MercadoLibreAppUITests;
				PRODUCT_NAME = "$(TARGET_NAME)";
				SWIFT_VERSION = 5.0;
				TARGETED_DEVICE_FAMILY = "1,2";
				TEST_TARGET_NAME = MercadoLibreApp;
			};
			name = Debug;
		};
		CECB3CD72549C20B0070F36A /* Release */ = {
			isa = XCBuildConfiguration;
			buildSettings = {
				ALWAYS_EMBED_SWIFT_STANDARD_LIBRARIES = YES;
				CODE_SIGN_STYLE = Automatic;
				DEVELOPMENT_TEAM = WW5K829KP9;
				INFOPLIST_FILE = MercadoLibreAppUITests/Info.plist;
				LD_RUNPATH_SEARCH_PATHS = (
					"$(inherited)",
					"@executable_path/Frameworks",
					"@loader_path/Frameworks",
				);
				PRODUCT_BUNDLE_IDENTIFIER = danielBeltran.MercadoLibreAppUITests;
				PRODUCT_NAME = "$(TARGET_NAME)";
				SWIFT_VERSION = 5.0;
				TARGETED_DEVICE_FAMILY = "1,2";
				TEST_TARGET_NAME = MercadoLibreApp;
			};
			name = Release;
		};
/* End XCBuildConfiguration section */

/* Begin XCConfigurationList section */
		CECB3CA02549C2090070F36A /* Build configuration list for PBXProject "MercadoLibreApp" */ = {
			isa = XCConfigurationList;
			buildConfigurations = (
				CECB3CCD2549C20B0070F36A /* Debug */,
				CECB3CCE2549C20B0070F36A /* Release */,
			);
			defaultConfigurationIsVisible = 0;
			defaultConfigurationName = Release;
		};
		CECB3CCF2549C20B0070F36A /* Build configuration list for PBXNativeTarget "MercadoLibreApp" */ = {
			isa = XCConfigurationList;
			buildConfigurations = (
				CECB3CD02549C20B0070F36A /* Debug */,
				CECB3CD12549C20B0070F36A /* Release */,
			);
			defaultConfigurationIsVisible = 0;
			defaultConfigurationName = Release;
		};
		CECB3CD22549C20B0070F36A /* Build configuration list for PBXNativeTarget "MercadoLibreAppTests" */ = {
			isa = XCConfigurationList;
			buildConfigurations = (
				CECB3CD32549C20B0070F36A /* Debug */,
				CECB3CD42549C20B0070F36A /* Release */,
			);
			defaultConfigurationIsVisible = 0;
			defaultConfigurationName = Release;
		};
		CECB3CD52549C20B0070F36A /* Build configuration list for PBXNativeTarget "MercadoLibreAppUITests" */ = {
			isa = XCConfigurationList;
			buildConfigurations = (
				CECB3CD62549C20B0070F36A /* Debug */,
				CECB3CD72549C20B0070F36A /* Release */,
			);
			defaultConfigurationIsVisible = 0;
			defaultConfigurationName = Release;
		};
/* End XCConfigurationList section */
	};
	rootObject = CECB3C9D2549C2090070F36A /* Project object */;
}
